
Microsoft Visual Studio Solution File, Format Version 12.00
# Visual Studio 15
Project("{FAE04EC0-301F-11D3-BF4B-00C04F79EFBC}") = "Assembly-CSharp", "Assembly-CSharp.csproj", "{5310D5CD-C77F-A6E7-83EF-7A2D1D0B0F05}"
EndProject
Project("{FAE04EC0-301F-11D3-BF4B-00C04F79EFBC}") = "Assembly-CSharp-Editor", "Assembly-CSharp-Editor.csproj", "{80641351-AB5A-AE6F-ECD5-FCFB7D54CB73}"
EndProject
Global
	GlobalSection(SolutionConfigurationPlatforms) = preSolution
		Debug|Any CPU = Debug|Any CPU
		Release|Any CPU = Release|Any CPU
	EndGlobalSection
	GlobalSection(ProjectConfigurationPlatforms) = postSolution
		{5310D5CD-C77F-A6E7-83EF-7A2D1D0B0F05}.Debug|Any CPU.ActiveCfg = Debug|Any CPU
		{5310D5CD-C77F-A6E7-83EF-7A2D1D0B0F05}.Debug|Any CPU.Build.0 = Debug|Any CPU
		{5310D5CD-C77F-A6E7-83EF-7A2D1D0B0F05}.Release|Any CPU.ActiveCfg = Release|Any CPU
		{5310D5CD-C77F-A6E7-83EF-7A2D1D0B0F05}.Release|Any CPU.Build.0 = Release|Any CPU
		{80641351-AB5A-AE6F-ECD5-FCFB7D54CB73}.Debug|Any CPU.ActiveCfg = Debug|Any CPU
		{80641351-AB5A-AE6F-ECD5-FCFB7D54CB73}.Debug|Any CPU.Build.0 = Debug|Any CPU
		{80641351-AB5A-AE6F-ECD5-FCFB7D54CB73}.Release|Any CPU.ActiveCfg = Release|Any CPU
		{80641351-AB5A-AE6F-ECD5-FCFB7D54CB73}.Release|Any CPU.Build.0 = Release|Any CPU
	EndGlobalSection
	GlobalSection(SolutionProperties) = preSolution
		HideSolutionNode = FALSE
	EndGlobalSection
EndGlobal
